
Microsoft Visual Studio Solution File, Format Version 12.00
# Visual Studio Version 16
VisualStudioVersion = 16.0.28803.156
MinimumVisualStudioVersion = 10.0.40219.1
Project("{8BC9CEB8-8B4A-11D0-8D11-00A0C91BC942}") = "STEP1", "STEP1\STEP1.vcxproj", "{DA0CA09B-B6BE-43D9-92AC-9877E96BCC94}"
EndProject
Project("{8BC9CEB8-8B4A-11D0-8D11-00A0C91BC942}") = "STEP2", "STEP2\STEP2.vcxproj", "{FA299CDF-52CE-4806-BF2D-D2DA17E80D28}"
EndProject
Project("{8BC9CEB8-8B4A-11D0-8D11-00A0C91BC942}") = "STEP3", "STEP3\STEP3.vcxproj", "{DADBD496-AF32-4EFE-96A0-D5528FD1220E}"
EndProject
Project("{8BC9CEB8-8B4A-11D0-8D11-00A0C91BC942}") = "STEP4", "STEP4\STEP4.vcxproj", "{6CB97DC1-76C7-4E60-B4EB-22F339C2AE79}"
EndProject
Global
	GlobalSection(SolutionConfigurationPlatforms) = preSolution
		Debug|x64 = Debug|x64
		Debug|x86 = Debug|x86
		Release|x64 = Release|x64
		Release|x86 = Release|x86
	EndGlobalSection
	GlobalSection(ProjectConfigurationPlatforms) = postSolution
		{DA0CA09B-B6BE-43D9-92AC-9877E96BCC94}.Debug|x64.ActiveCfg = Debug|x64
		{DA0CA09B-B6BE-43D9-92AC-9877E96BCC94}.Debug|x64.Build.0 = Debug|x64
		{DA0CA09B-B6BE-43D9-92AC-9877E96BCC94}.Debug|x86.ActiveCfg = Debug|Win32
		{DA0CA09B-B6BE-43D9-92AC-9877E96BCC94}.Debug|x86.Build.0 = Debug|Win32
		{DA0CA09B-B6BE-43D9-92AC-9877E96BCC94}.Release|x64.ActiveCfg = Release|x64
		{DA0CA09B-B6BE-43D9-92AC-9877E96BCC94}.Release|x64.Build.0 = Release|x64
		{DA0CA09B-B6BE-43D9-92AC-9877E96BCC94}.Release|x86.ActiveCfg = Release|Win32
		{DA0CA09B-B6BE-43D9-92AC-9877E96BCC94}.Release|x86.Build.0 = Release|Win32
		{FA299CDF-52CE-4806-BF2D-D2DA17E80D28}.Debug|x64.ActiveCfg = Debug|x64
		{FA299CDF-52CE-4806-BF2D-D2DA17E80D28}.Debug|x64.Build.0 = Debug|x64
		{FA299CDF-52CE-4806-BF2D-D2DA17E80D28}.Debug|x86.ActiveCfg = Debug|Win32
		{FA299CDF-52CE-4806-BF2D-D2DA17E80D28}.Debug|x86.Build.0 = Debug|Win32
		{FA299CDF-52CE-4806-BF2D-D2DA17E80D28}.Release|x64.ActiveCfg = Release|x64
		{FA299CDF-52CE-4806-BF2D-D2DA17E80D28}.Release|x64.Build.0 = Release|x64
		{FA299CDF-52CE-4806-BF2D-D2DA17E80D28}.Release|x86.ActiveCfg = Release|Win32
		{FA299CDF-52CE-4806-BF2D-D2DA17E80D28}.Release|x86.Build.0 = Release|Win32
		{DADBD496-AF32-4EFE-96A0-D5528FD1220E}.Debug|x64.ActiveCfg = Debug|x64
		{DADBD496-AF32-4EFE-96A0-D5528FD1220E}.Debug|x64.Build.0 = Debug|x64
		{DADBD496-AF32-4EFE-96A0-D5528FD1220E}.Debug|x86.ActiveCfg = Debug|Win32
		{DADBD496-AF32-4EFE-96A0-D5528FD1220E}.Debug|x86.Build.0 = Debug|Win32
		{DADBD496-AF32-4EFE-96A0-D5528FD1220E}.Release|x64.ActiveCfg = Release|x64
		{DADBD496-AF32-4EFE-96A0-D5528FD1220E}.Release|x64.Build.0 = Release|x64
		{DADBD496-AF32-4EFE-96A0-D5528FD1220E}.Release|x86.ActiveCfg = Release|Win32
		{DADBD496-AF32-4EFE-96A0-D5528FD1220E}.Release|x86.Build.0 = Release|Win32
		{6CB97DC1-76C7-4E60-B4EB-22F339C2AE79}.Debug|x64.ActiveCfg = Debug|x64
		{6CB97DC1-76C7-4E60-B4EB-22F339C2AE79}.Debug|x64.Build.0 = Debug|x64
		{6CB97DC1-76C7-4E60-B4EB-22F339C2AE79}.Debug|x86.ActiveCfg = Debug|Win32
		{6CB97DC1-76C7-4E60-B4EB-22F339C2AE79}.Debug|x86.Build.0 = Debug|Win32
		{6CB97DC1-76C7-4E60-B4EB-22F339C2AE79}.Release|x64.ActiveCfg = Release|x64
		{6CB97DC1-76C7-4E60-B4EB-22F339C2AE79}.Release|x64.Build.0 = Release|x64
		{6CB97DC1-76C7-4E60-B4EB-22F339C2AE79}.Release|x86.ActiveCfg = Release|Win32
		{6CB97DC1-76C7-4E60-B4EB-22F339C2AE79}.Release|x86.Build.0 = Release|Win32
	EndGlobalSection
	GlobalSection(SolutionProperties) = preSolution
		HideSolutionNode = FALSE
	EndGlobalSection
	GlobalSection(ExtensibilityGlobals) = postSolution
		SolutionGuid = {2B3B149D-08F7-4526-BFDE-7600EE1F9F43}
	EndGlobalSection
EndGlobal
